// !$*UTF8*$!
{
	archiveVersion = 1;
	classes = {
	};
	objectVersion = 54;
	objects = {

/* Begin PBXBuildFile section */
		1B1D181C2572F36C004EDC6D /* Tests_iOS.swift in Sources */ = {isa = PBXBuildFile; fileRef = 1B1D181B2572F36C004EDC6D /* Tests_iOS.swift */; };
		1B1D18272572F36C004EDC6D /* Tests_macOS.swift in Sources */ = {isa = PBXBuildFile; fileRef = 1B1D18262572F36C004EDC6D /* Tests_macOS.swift */; };
		1B1D18292572F36C004EDC6D /* EmojiDictionaryApp.swift in Sources */ = {isa = PBXBuildFile; fileRef = 1B1D18002572F36B004EDC6D /* EmojiDictionaryApp.swift */; };
		1B1D182A2572F36C004EDC6D /* EmojiDictionaryApp.swift in Sources */ = {isa = PBXBuildFile; fileRef = 1B1D18002572F36B004EDC6D /* EmojiDictionaryApp.swift */; };
		1B1D182B2572F36C004EDC6D /* ContentView.swift in Sources */ = {isa = PBXBuildFile; fileRef = 1B1D18012572F36B004EDC6D /* ContentView.swift */; };
		1B1D182C2572F36C004EDC6D /* ContentView.swift in Sources */ = {isa = PBXBuildFile; fileRef = 1B1D18012572F36B004EDC6D /* ContentView.swift */; };
		1B1D182D2572F36C004EDC6D /* Assets.xcassets in Resources */ = {isa = PBXBuildFile; fileRef = 1B1D18022572F36C004EDC6D /* Assets.xcassets */; };
		1B1D182E2572F36C004EDC6D /* Assets.xcassets in Resources */ = {isa = PBXBuildFile; fileRef = 1B1D18022572F36C004EDC6D /* Assets.xcassets */; };
		1B1D18522572F565004EDC6D /* Emoji.swift in Sources */ = {isa = PBXBuildFile; fileRef = 1B1D18512572F565004EDC6D /* Emoji.swift */; };
		1B1D18532572F565004EDC6D /* Emoji.swift in Sources */ = {isa = PBXBuildFile; fileRef = 1B1D18512572F565004EDC6D /* Emoji.swift */; };
		1B1D18592572F68D004EDC6D /* EmojiListView.swift in Sources */ = {isa = PBXBuildFile; fileRef = 1B1D18582572F68D004EDC6D /* EmojiListView.swift */; };
		1B1D185A2572F68D004EDC6D /* EmojiListView.swift in Sources */ = {isa = PBXBuildFile; fileRef = 1B1D18582572F68D004EDC6D /* EmojiListView.swift */; };
		1B2E94BC25737EEC0023A1C6 /* EmojiViewModel.swift in Sources */ = {isa = PBXBuildFile; fileRef = 1B2E94BB25737EEC0023A1C6 /* EmojiViewModel.swift */; };
		1B2E94BD25737EEC0023A1C6 /* EmojiViewModel.swift in Sources */ = {isa = PBXBuildFile; fileRef = 1B2E94BB25737EEC0023A1C6 /* EmojiViewModel.swift */; };
		1B2E94CB257386C50023A1C6 /* EmojiCellView.swift in Sources */ = {isa = PBXBuildFile; fileRef = 1B2E94CA257386C50023A1C6 /* EmojiCellView.swift */; };
		1B2E94CC257386C50023A1C6 /* EmojiCellView.swift in Sources */ = {isa = PBXBuildFile; fileRef = 1B2E94CA257386C50023A1C6 /* EmojiCellView.swift */; };
/* End PBXBuildFile section */

/* Begin PBXContainerItemProxy section */
		1B1D18182572F36C004EDC6D /* PBXContainerItemProxy */ = {
			isa = PBXContainerItemProxy;
			containerPortal = 1B1D17FB2572F36B004EDC6D /* Project object */;
			proxyType = 1;
			remoteGlobalIDString = 1B1D18062572F36C004EDC6D;
			remoteInfo = "EmojiDictionary (iOS)";
		};
		1B1D18232572F36C004EDC6D /* PBXContainerItemProxy */ = {
			isa = PBXContainerItemProxy;
			containerPortal = 1B1D17FB2572F36B004EDC6D /* Project object */;
			proxyType = 1;
			remoteGlobalIDString = 1B1D180E2572F36C004EDC6D;
			remoteInfo = "EmojiDictionary (macOS)";
		};
/* End PBXContainerItemProxy section */

/* Begin PBXFileReference section */
		1B1D18002572F36B004EDC6D /* EmojiDictionaryApp.swift */ = {isa = PBXFileReference; lastKnownFileType = sourcecode.swift; path = EmojiDictionaryApp.swift; sourceTree = "<group>"; };
		1B1D18012572F36B004EDC6D /* ContentView.swift */ = {isa = PBXFileReference; lastKnownFileType = sourcecode.swift; path = ContentView.swift; sourceTree = "<group>"; };
		1B1D18022572F36C004EDC6D /* Assets.xcassets */ = {isa = PBXFileReference; lastKnownFileType = folder.assetcatalog; path = Assets.xcassets; sourceTree = "<group>"; };
		1B1D18072572F36C004EDC6D /* EmojiDictionary.app */ = {isa = PBXFileReference; explicitFileType = wrapper.application; includeInIndex = 0; path = EmojiDictionary.app; sourceTree = BUILT_PRODUCTS_DIR; };
		1B1D180A2572F36C004EDC6D /* Info.plist */ = {isa = PBXFileReference; lastKnownFileType = text.plist.xml; path = Info.plist; sourceTree = "<group>"; };
		1B1D180F2572F36C004EDC6D /* EmojiDictionary.app */ = {isa = PBXFileReference; explicitFileType = wrapper.application; includeInIndex = 0; path = EmojiDictionary.app; sourceTree = BUILT_PRODUCTS_DIR; };
		1B1D18112572F36C004EDC6D /* Info.plist */ = {isa = PBXFileReference; lastKnownFileType = text.plist.xml; path = Info.plist; sourceTree = "<group>"; };
		1B1D18122572F36C004EDC6D /* macOS.entitlements */ = {isa = PBXFileReference; lastKnownFileType = text.plist.entitlements; path = macOS.entitlements; sourceTree = "<group>"; };
		1B1D18172572F36C004EDC6D /* Tests iOS.xctest */ = {isa = PBXFileReference; explicitFileType = wrapper.cfbundle; includeInIndex = 0; path = "Tests iOS.xctest"; sourceTree = BUILT_PRODUCTS_DIR; };
		1B1D181B2572F36C004EDC6D /* Tests_iOS.swift */ = {isa = PBXFileReference; lastKnownFileType = sourcecode.swift; path = Tests_iOS.swift; sourceTree = "<group>"; };
		1B1D181D2572F36C004EDC6D /* Info.plist */ = {isa = PBXFileReference; lastKnownFileType = text.plist.xml; path = Info.plist; sourceTree = "<group>"; };
		1B1D18222572F36C004EDC6D /* Tests macOS.xctest */ = {isa = PBXFileReference; explicitFileType = wrapper.cfbundle; includeInIndex = 0; path = "Tests macOS.xctest"; sourceTree = BUILT_PRODUCTS_DIR; };
		1B1D18262572F36C004EDC6D /* Tests_macOS.swift */ = {isa = PBXFileReference; lastKnownFileType = sourcecode.swift; path = Tests_macOS.swift; sourceTree = "<group>"; };
		1B1D18282572F36C004EDC6D /* Info.plist */ = {isa = PBXFileReference; lastKnownFileType = text.plist.xml; path = Info.plist; sourceTree = "<group>"; };
		1B1D18512572F565004EDC6D /* Emoji.swift */ = {isa = PBXFileReference; lastKnownFileType = sourcecode.swift; path = Emoji.swift; sourceTree = "<group>"; };
		1B1D18582572F68D004EDC6D /* EmojiListView.swift */ = {isa = PBXFileReference; lastKnownFileType = sourcecode.swift; path = EmojiListView.swift; sourceTree = "<group>"; };
		1B2E94BB25737EEC0023A1C6 /* EmojiViewModel.swift */ = {isa = PBXFileReference; lastKnownFileType = sourcecode.swift; path = EmojiViewModel.swift; sourceTree = "<group>"; };
		1B2E94CA257386C50023A1C6 /* EmojiCellView.swift */ = {isa = PBXFileReference; lastKnownFileType = sourcecode.swift; path = EmojiCellView.swift; sourceTree = "<group>"; };
/* End PBXFileReference section */

/* Begin PBXFrameworksBuildPhase section */
		1B1D18042572F36C004EDC6D /* Frameworks */ = {
			isa = PBXFrameworksBuildPhase;
			buildActionMask = 2147483647;
			files = (
			);
			runOnlyForDeploymentPostprocessing = 0;
		};
		1B1D180C2572F36C004EDC6D /* Frameworks */ = {
			isa = PBXFrameworksBuildPhase;
			buildActionMask = 2147483647;
			files = (
			);
			runOnlyForDeploymentPostprocessing = 0;
		};
		1B1D18142572F36C004EDC6D /* Frameworks */ = {
			isa = PBXFrameworksBuildPhase;
			buildActionMask = 2147483647;
			files = (
			);
			runOnlyForDeploymentPostprocessing = 0;
		};
		1B1D181F2572F36C004EDC6D /* Frameworks */ = {
			isa = PBXFrameworksBuildPhase;
			buildActionMask = 2147483647;
			files = (
			);
			runOnlyForDeploymentPostprocessing = 0;
		};
/* End PBXFrameworksBuildPhase section */

/* Begin PBXGroup section */
		1B1D17FA2572F36B004EDC6D = {
			isa = PBXGroup;
			children = (
				1B1D17FF2572F36B004EDC6D /* Shared */,
				1B1D18092572F36C004EDC6D /* iOS */,
				1B1D18102572F36C004EDC6D /* macOS */,
				1B1D181A2572F36C004EDC6D /* Tests iOS */,
				1B1D18252572F36C004EDC6D /* Tests macOS */,
				1B1D18082572F36C004EDC6D /* Products */,
			);
			sourceTree = "<group>";
		};
		1B1D17FF2572F36B004EDC6D /* Shared */ = {
			isa = PBXGroup;
			children = (
				1B1D18002572F36B004EDC6D /* EmojiDictionaryApp.swift */,
				1B1D18012572F36B004EDC6D /* ContentView.swift */,
				1B1D18582572F68D004EDC6D /* EmojiListView.swift */,
				1B2E94CA257386C50023A1C6 /* EmojiCellView.swift */,
				1B2E94BB25737EEC0023A1C6 /* EmojiViewModel.swift */,
				1B1D18512572F565004EDC6D /* Emoji.swift */,
				1B1D18022572F36C004EDC6D /* Assets.xcassets */,
			);
			path = Shared;
			sourceTree = "<group>";
		};
		1B1D18082572F36C004EDC6D /* Products */ = {
			isa = PBXGroup;
			children = (
				1B1D18072572F36C004EDC6D /* EmojiDictionary.app */,
				1B1D180F2572F36C004EDC6D /* EmojiDictionary.app */,
				1B1D18172572F36C004EDC6D /* Tests iOS.xctest */,
				1B1D18222572F36C004EDC6D /* Tests macOS.xctest */,
			);
			name = Products;
			sourceTree = "<group>";
		};
		1B1D18092572F36C004EDC6D /* iOS */ = {
			isa = PBXGroup;
			children = (
				1B1D180A2572F36C004EDC6D /* Info.plist */,
			);
			path = iOS;
			sourceTree = "<group>";
		};
		1B1D18102572F36C004EDC6D /* macOS */ = {
			isa = PBXGroup;
			children = (
				1B1D18112572F36C004EDC6D /* Info.plist */,
				1B1D18122572F36C004EDC6D /* macOS.entitlements */,
			);
			path = macOS;
			sourceTree = "<group>";
		};
		1B1D181A2572F36C004EDC6D /* Tests iOS */ = {
			isa = PBXGroup;
			children = (
				1B1D181B2572F36C004EDC6D /* Tests_iOS.swift */,
				1B1D181D2572F36C004EDC6D /* Info.plist */,
			);
			path = "Tests iOS";
			sourceTree = "<group>";
		};
		1B1D18252572F36C004EDC6D /* Tests macOS */ = {
			isa = PBXGroup;
			children = (
				1B1D18262572F36C004EDC6D /* Tests_macOS.swift */,
				1B1D18282572F36C004EDC6D /* Info.plist */,
			);
			path = "Tests macOS";
			sourceTree = "<group>";
		};
/* End PBXGroup section */

/* Begin PBXNativeTarget section */
		1B1D18062572F36C004EDC6D /* EmojiDictionary (iOS) */ = {
			isa = PBXNativeTarget;
			buildConfigurationList = 1B1D18312572F36C004EDC6D /* Build configuration list for PBXNativeTarget "EmojiDictionary (iOS)" */;
			buildPhases = (
				1B1D18032572F36C004EDC6D /* Sources */,
				1B1D18042572F36C004EDC6D /* Frameworks */,
				1B1D18052572F36C004EDC6D /* Resources */,
			);
			buildRules = (
			);
			dependencies = (
			);
			name = "EmojiDictionary (iOS)";
			productName = "EmojiDictionary (iOS)";
			productReference = 1B1D18072572F36C004EDC6D /* EmojiDictionary.app */;
			productType = "com.apple.product-type.application";
		};
		1B1D180E2572F36C004EDC6D /* EmojiDictionary (macOS) */ = {
			isa = PBXNativeTarget;
			buildConfigurationList = 1B1D18342572F36C004EDC6D /* Build configuration list for PBXNativeTarget "EmojiDictionary (macOS)" */;
			buildPhases = (
				1B1D180B2572F36C004EDC6D /* Sources */,
				1B1D180C2572F36C004EDC6D /* Frameworks */,
				1B1D180D2572F36C004EDC6D /* Resources */,
			);
			buildRules = (
			);
			dependencies = (
			);
			name = "EmojiDictionary (macOS)";
			productName = "EmojiDictionary (macOS)";
			productReference = 1B1D180F2572F36C004EDC6D /* EmojiDictionary.app */;
			productType = "com.apple.product-type.application";
		};
		1B1D18162572F36C004EDC6D /* Tests iOS */ = {
			isa = PBXNativeTarget;
			buildConfigurationList = 1B1D18372572F36C004EDC6D /* Build configuration list for PBXNativeTarget "Tests iOS" */;
			buildPhases = (
				1B1D18132572F36C004EDC6D /* Sources */,
				1B1D18142572F36C004EDC6D /* Frameworks */,
				1B1D18152572F36C004EDC6D /* Resources */,
			);
			buildRules = (
			);
			dependencies = (
				1B1D18192572F36C004EDC6D /* PBXTargetDependency */,
			);
			name = "Tests iOS";
			productName = "Tests iOS";
			productReference = 1B1D18172572F36C004EDC6D /* Tests iOS.xctest */;
			productType = "com.apple.product-type.bundle.ui-testing";
		};
		1B1D18212572F36C004EDC6D /* Tests macOS */ = {
			isa = PBXNativeTarget;
			buildConfigurationList = 1B1D183A2572F36C004EDC6D /* Build configuration list for PBXNativeTarget "Tests macOS" */;
			buildPhases = (
				1B1D181E2572F36C004EDC6D /* Sources */,
				1B1D181F2572F36C004EDC6D /* Frameworks */,
				1B1D18202572F36C004EDC6D /* Resources */,
			);
			buildRules = (
			);
			dependencies = (
				1B1D18242572F36C004EDC6D /* PBXTargetDependency */,
			);
			name = "Tests macOS";
			productName = "Tests macOS";
			productReference = 1B1D18222572F36C004EDC6D /* Tests macOS.xctest */;
			productType = "com.apple.product-type.bundle.ui-testing";
		};
/* End PBXNativeTarget section */

/* Begin PBXProject section */
		1B1D17FB2572F36B004EDC6D /* Project object */ = {
			isa = PBXProject;
			attributes = {
				LastSwiftUpdateCheck = 1220;
				LastUpgradeCheck = 1220;
				TargetAttributes = {
					1B1D18062572F36C004EDC6D = {
						CreatedOnToolsVersion = 12.2;
					};
					1B1D180E2572F36C004EDC6D = {
						CreatedOnToolsVersion = 12.2;
					};
					1B1D18162572F36C004EDC6D = {
						CreatedOnToolsVersion = 12.2;
						TestTargetID = 1B1D18062572F36C004EDC6D;
					};
					1B1D18212572F36C004EDC6D = {
						CreatedOnToolsVersion = 12.2;
						TestTargetID = 1B1D180E2572F36C004EDC6D;
					};
				};
			};
			buildConfigurationList = 1B1D17FE2572F36B004EDC6D /* Build configuration list for PBXProject "EmojiDictionary" */;
			compatibilityVersion = "Xcode 12.0";
			developmentRegion = en;
			hasScannedForEncodings = 0;
			knownRegions = (
				en,
				Base,
			);
			mainGroup = 1B1D17FA2572F36B004EDC6D;
			productRefGroup = 1B1D18082572F36C004EDC6D /* Products */;
			projectDirPath = "";
			projectRoot = "";
			targets = (
				1B1D18062572F36C004EDC6D /* EmojiDictionary (iOS) */,
				1B1D180E2572F36C004EDC6D /* EmojiDictionary (macOS) */,
				1B1D18162572F36C004EDC6D /* Tests iOS */,
				1B1D18212572F36C004EDC6D /* Tests macOS */,
			);
		};
/* End PBXProject section */

/* Begin PBXResourcesBuildPhase section */
		1B1D18052572F36C004EDC6D /* Resources */ = {
			isa = PBXResourcesBuildPhase;
			buildActionMask = 2147483647;
			files = (
				1B1D182D2572F36C004EDC6D /* Assets.xcassets in Resources */,
			);
			runOnlyForDeploymentPostprocessing = 0;
		};
		1B1D180D2572F36C004EDC6D /* Resources */ = {
			isa = PBXResourcesBuildPhase;
			buildActionMask = 2147483647;
			files = (
				1B1D182E2572F36C004EDC6D /* Assets.xcassets in Resources */,
			);
			runOnlyForDeploymentPostprocessing = 0;
		};
		1B1D18152572F36C004EDC6D /* Resources */ = {
			isa = PBXResourcesBuildPhase;
			buildActionMask = 2147483647;
			files = (
			);
			runOnlyForDeploymentPostprocessing = 0;
		};
		1B1D18202572F36C004EDC6D /* Resources */ = {
			isa = PBXResourcesBuildPhase;
			buildActionMask = 2147483647;
			files = (
			);
			runOnlyForDeploymentPostprocessing = 0;
		};
/* End PBXResourcesBuildPhase section */

/* Begin PBXSourcesBuildPhase section */
		1B1D18032572F36C004EDC6D /* Sources */ = {
			isa = PBXSourcesBuildPhase;
			buildActionMask = 2147483647;
			files = (
				1B1D18522572F565004EDC6D /* Emoji.swift in Sources */,
				1B1D182B2572F36C004EDC6D /* ContentView.swift in Sources */,
				1B1D18592572F68D004EDC6D /* EmojiListView.swift in Sources */,
				1B2E94CB257386C50023A1C6 /* EmojiCellView.swift in Sources */,
				1B2E94BC25737EEC0023A1C6 /* EmojiViewModel.swift in Sources */,
				1B1D18292572F36C004EDC6D /* EmojiDictionaryApp.swift in Sources */,
			);
			runOnlyForDeploymentPostprocessing = 0;
		};
		1B1D180B2572F36C004EDC6D /* Sources */ = {
			isa = PBXSourcesBuildPhase;
			buildActionMask = 2147483647;
			files = (
				1B1D18532572F565004EDC6D /* Emoji.swift in Sources */,
				1B1D182C2572F36C004EDC6D /* ContentView.swift in Sources */,
				1B1D185A2572F68D004EDC6D /* EmojiListView.swift in Sources */,
				1B2E94CC257386C50023A1C6 /* EmojiCellView.swift in Sources */,
				1B2E94BD25737EEC0023A1C6 /* EmojiViewModel.swift in Sources */,
				1B1D182A2572F36C004EDC6D /* EmojiDictionaryApp.swift in Sources */,
			);
			runOnlyForDeploymentPostprocessing = 0;
		};
		1B1D18132572F36C004EDC6D /* Sources */ = {
			isa = PBXSourcesBuildPhase;
			buildActionMask = 2147483647;
			files = (
				1B1D181C2572F36C004EDC6D /* Tests_iOS.swift in Sources */,
			);
			runOnlyForDeploymentPostprocessing = 0;
		};
		1B1D181E2572F36C004EDC6D /* Sources */ = {
			isa = PBXSourcesBuildPhase;
			buildActionMask = 2147483647;
			files = (
				1B1D18272572F36C004EDC6D /* Tests_macOS.swift in Sources */,
			);
			runOnlyForDeploymentPostprocessing = 0;
		};
/* End PBXSourcesBuildPhase section */

/* Begin PBXTargetDependency section */
		1B1D18192572F36C004EDC6D /* PBXTargetDependency */ = {
			isa = PBXTargetDependency;
			target = 1B1D18062572F36C004EDC6D /* EmojiDictionary (iOS) */;
			targetProxy = 1B1D18182572F36C004EDC6D /* PBXContainerItemProxy */;
		};
		1B1D18242572F36C004EDC6D /* PBXTargetDependency */ = {
			isa = PBXTargetDependency;
			target = 1B1D180E2572F36C004EDC6D /* EmojiDictionary (macOS) */;
			targetProxy = 1B1D18232572F36C004EDC6D /* PBXContainerItemProxy */;
		};
/* End PBXTargetDependency section */

/* Begin XCBuildConfiguration section */
		1B1D182F2572F36C004EDC6D /* Debug */ = {
			isa = XCBuildConfiguration;
			buildSettings = {
				ALWAYS_SEARCH_USER_PATHS = NO;
				CLANG_ANALYZER_NONNULL = YES;
				CLANG_ANALYZER_NUMBER_OBJECT_CONVERSION = YES_AGGRESSIVE;
				CLANG_CXX_LANGUAGE_STANDARD = "gnu++14";
				CLANG_CXX_LIBRARY = "libc++";
				CLANG_ENABLE_MODULES = YES;
				CLANG_ENABLE_OBJC_ARC = YES;
				CLANG_ENABLE_OBJC_WEAK = YES;
				CLANG_WARN_BLOCK_CAPTURE_AUTORELEASING = YES;
				CLANG_WARN_BOOL_CONVERSION = YES;
				CLANG_WARN_COMMA = YES;
				CLANG_WARN_CONSTANT_CONVERSION = YES;
				CLANG_WARN_DEPRECATED_OBJC_IMPLEMENTATIONS = YES;
				CLANG_WARN_DIRECT_OBJC_ISA_USAGE = YES_ERROR;
				CLANG_WARN_DOCUMENTATION_COMMENTS = YES;
				CLANG_WARN_EMPTY_BODY = YES;
				CLANG_WARN_ENUM_CONVERSION = YES;
				CLANG_WARN_INFINITE_RECURSION = YES;
				CLANG_WARN_INT_CONVERSION = YES;
				CLANG_WARN_NON_LITERAL_NULL_CONVERSION = YES;
				CLANG_WARN_OBJC_IMPLICIT_RETAIN_SELF = YES;
				CLANG_WARN_OBJC_LITERAL_CONVERSION = YES;
				CLANG_WARN_OBJC_ROOT_CLASS = YES_ERROR;
				CLANG_WARN_QUOTED_INCLUDE_IN_FRAMEWORK_HEADER = YES;
				CLANG_WARN_RANGE_LOOP_ANALYSIS = YES;
				CLANG_WARN_STRICT_PROTOTYPES = YES;
				CLANG_WARN_SUSPICIOUS_MOVE = YES;
				CLANG_WARN_UNGUARDED_AVAILABILITY = YES_AGGRESSIVE;
				CLANG_WARN_UNREACHABLE_CODE = YES;
				CLANG_WARN__DUPLICATE_METHOD_MATCH = YES;
				COPY_PHASE_STRIP = NO;
				DEBUG_INFORMATION_FORMAT = dwarf;
				ENABLE_STRICT_OBJC_MSGSEND = YES;
				ENABLE_TESTABILITY = YES;
				GCC_C_LANGUAGE_STANDARD = gnu11;
				GCC_DYNAMIC_NO_PIC = NO;
				GCC_NO_COMMON_BLOCKS = YES;
				GCC_OPTIMIZATION_LEVEL = 0;
				GCC_PREPROCESSOR_DEFINITIONS = (
					"DEBUG=1",
					"$(inherited)",
				);
				GCC_WARN_64_TO_32_BIT_CONVERSION = YES;
				GCC_WARN_ABOUT_RETURN_TYPE = YES_ERROR;
				GCC_WARN_UNDECLARED_SELECTOR = YES;
				GCC_WARN_UNINITIALIZED_AUTOS = YES_AGGRESSIVE;
				GCC_WARN_UNUSED_FUNCTION = YES;
				GCC_WARN_UNUSED_VARIABLE = YES;
				IPHONEOS_DEPLOYMENT_TARGET = 14.2;
				MACOSX_DEPLOYMENT_TARGET = 11.0;
				MTL_ENABLE_DEBUG_INFO = INCLUDE_SOURCE;
				MTL_FAST_MATH = YES;
				ONLY_ACTIVE_ARCH = YES;
				SWIFT_ACTIVE_COMPILATION_CONDITIONS = DEBUG;
				SWIFT_OPTIMIZATION_LEVEL = "-Onone";
			};
			name = Debug;
		};
		1B1D18302572F36C004EDC6D /* Release */ = {
			isa = XCBuildConfiguration;
			buildSettings = {
				ALWAYS_SEARCH_USER_PATHS = NO;
				CLANG_ANALYZER_NONNULL = YES;
				CLANG_ANALYZER_NUMBER_OBJECT_CONVERSION = YES_AGGRESSIVE;
				CLANG_CXX_LANGUAGE_STANDARD = "gnu++14";
				CLANG_CXX_LIBRARY = "libc++";
				CLANG_ENABLE_MODULES = YES;
				CLANG_ENABLE_OBJC_ARC = YES;
				CLANG_ENABLE_OBJC_WEAK = YES;
				CLANG_WARN_BLOCK_CAPTURE_AUTORELEASING = YES;
				CLANG_WARN_BOOL_CONVERSION = YES;
				CLANG_WARN_COMMA = YES;
				CLANG_WARN_CONSTANT_CONVERSION = YES;
				CLANG_WARN_DEPRECATED_OBJC_IMPLEMENTATIONS = YES;
				CLANG_WARN_DIRECT_OBJC_ISA_USAGE = YES_ERROR;
				CLANG_WARN_DOCUMENTATION_COMMENTS = YES;
				CLANG_WARN_EMPTY_BODY = YES;
				CLANG_WARN_ENUM_CONVERSION = YES;
				CLANG_WARN_INFINITE_RECURSION = YES;
				CLANG_WARN_INT_CONVERSION = YES;
				CLANG_WARN_NON_LITERAL_NULL_CONVERSION = YES;
				CLANG_WARN_OBJC_IMPLICIT_RETAIN_SELF = YES;
				CLANG_WARN_OBJC_LITERAL_CONVERSION = YES;
				CLANG_WARN_OBJC_ROOT_CLASS = YES_ERROR;
				CLANG_WARN_QUOTED_INCLUDE_IN_FRAMEWORK_HEADER = YES;
				CLANG_WARN_RANGE_LOOP_ANALYSIS = YES;
				CLANG_WARN_STRICT_PROTOTYPES = YES;
				CLANG_WARN_SUSPICIOUS_MOVE = YES;
				CLANG_WARN_UNGUARDED_AVAILABILITY = YES_AGGRESSIVE;
				CLANG_WARN_UNREACHABLE_CODE = YES;
				CLANG_WARN__DUPLICATE_METHOD_MATCH = YES;
				COPY_PHASE_STRIP = NO;
				DEBUG_INFORMATION_FORMAT = "dwarf-with-dsym";
				ENABLE_NS_ASSERTIONS = NO;
				ENABLE_STRICT_OBJC_MSGSEND = YES;
				GCC_C_LANGUAGE_STANDARD = gnu11;
				GCC_NO_COMMON_BLOCKS = YES;
				GCC_WARN_64_TO_32_BIT_CONVERSION = YES;
				GCC_WARN_ABOUT_RETURN_TYPE = YES_ERROR;
				GCC_WARN_UNDECLARED_SELECTOR = YES;
				GCC_WARN_UNINITIALIZED_AUTOS = YES_AGGRESSIVE;
				GCC_WARN_UNUSED_FUNCTION = YES;
				GCC_WARN_UNUSED_VARIABLE = YES;
				IPHONEOS_DEPLOYMENT_TARGET = 14.2;
				MACOSX_DEPLOYMENT_TARGET = 11.0;
				MTL_ENABLE_DEBUG_INFO = NO;
				MTL_FAST_MATH = YES;
				SWIFT_COMPILATION_MODE = wholemodule;
				SWIFT_OPTIMIZATION_LEVEL = "-O";
			};
			name = Release;
		};
		1B1D18322572F36C004EDC6D /* Debug */ = {
			isa = XCBuildConfiguration;
			buildSettings = {
				ASSETCATALOG_COMPILER_APPICON_NAME = AppIcon;
				ASSETCATALOG_COMPILER_GLOBAL_ACCENT_COLOR_NAME = AccentColor;
				CODE_SIGN_STYLE = Automatic;
				DEVELOPMENT_TEAM = JCQ8RQ8D68;
				ENABLE_PREVIEWS = YES;
				INFOPLIST_FILE = iOS/Info.plist;
				IPHONEOS_DEPLOYMENT_TARGET = 14.2;
				LD_RUNPATH_SEARCH_PATHS = (
					"$(inherited)",
					"@executable_path/Frameworks",
				);
				PRODUCT_BUNDLE_IDENTIFIER = one.macforce.EmojiDictionary;
				PRODUCT_NAME = EmojiDictionary;
				SDKROOT = iphoneos;
				SWIFT_VERSION = 5.0;
				TARGETED_DEVICE_FAMILY = "1,2";
			};
			name = Debug;
		};
		1B1D18332572F36C004EDC6D /* Release */ = {
			isa = XCBuildConfiguration;
			buildSettings = {
				ASSETCATALOG_COMPILER_APPICON_NAME = AppIcon;
				ASSETCATALOG_COMPILER_GLOBAL_ACCENT_COLOR_NAME = AccentColor;
				CODE_SIGN_STYLE = Automatic;
				DEVELOPMENT_TEAM = JCQ8RQ8D68;
				ENABLE_PREVIEWS = YES;
				INFOPLIST_FILE = iOS/Info.plist;
				IPHONEOS_DEPLOYMENT_TARGET = 14.2;
				LD_RUNPATH_SEARCH_PATHS = (
					"$(inherited)",
					"@executable_path/Frameworks",
				);
				PRODUCT_BUNDLE_IDENTIFIER = one.macforce.EmojiDictionary;
				PRODUCT_NAME = EmojiDictionary;
				SDKROOT = iphoneos;
				SWIFT_VERSION = 5.0;
				TARGETED_DEVICE_FAMILY = "1,2";
				VALIDATE_PRODUCT = YES;
			};
			name = Release;
		};
		1B1D18352572F36C004EDC6D /* Debug */ = {
			isa = XCBuildConfiguration;
			buildSettings = {
				ASSETCATALOG_COMPILER_APPICON_NAME = AppIcon;
				ASSETCATALOG_COMPILER_GLOBAL_ACCENT_COLOR_NAME = AccentColor;
				CODE_SIGN_ENTITLEMENTS = macOS/macOS.entitlements;
				CODE_SIGN_STYLE = Automatic;
				COMBINE_HIDPI_IMAGES = YES;
				DEVELOPMENT_TEAM = JCQ8RQ8D68;
				ENABLE_HARDENED_RUNTIME = YES;
				ENABLE_PREVIEWS = YES;
				INFOPLIST_FILE = macOS/Info.plist;
				LD_RUNPATH_SEARCH_PATHS = (
					"$(inherited)",
					"@executable_path/../Frameworks",
				);
				MACOSX_DEPLOYMENT_TARGET = 11.0;
				PRODUCT_BUNDLE_IDENTIFIER = one.macforce.EmojiDictionary;
				PRODUCT_NAME = EmojiDictionary;
				SDKROOT = macosx;
				SWIFT_VERSION = 5.0;
			};
			name = Debug;
		};
		1B1D18362572F36C004EDC6D /* Release */ = {
			isa = XCBuildConfiguration;
			buildSettings = {
				ASSETCATALOG_COMPILER_APPICON_NAME = AppIcon;
				ASSETCATALOG_COMPILER_GLOBAL_ACCENT_COLOR_NAME = AccentColor;
				CODE_SIGN_ENTITLEMENTS = macOS/macOS.entitlements;
				CODE_SIGN_STYLE = Automatic;
				COMBINE_HIDPI_IMAGES = YES;
				DEVELOPMENT_TEAM = JCQ8RQ8D68;
				ENABLE_HARDENED_RUNTIME = YES;
				ENABLE_PREVIEWS = YES;
				INFOPLIST_FILE = macOS/Info.plist;
				LD_RUNPATH_SEARCH_PATHS = (
					"$(inherited)",
					"@executable_path/../Frameworks",
				);
				MACOSX_DEPLOYMENT_TARGET = 11.0;
				PRODUCT_BUNDLE_IDENTIFIER = one.macforce.EmojiDictionary;
				PRODUCT_NAME = EmojiDictionary;
				SDKROOT = macosx;
				SWIFT_VERSION = 5.0;
			};
			name = Release;
		};
		1B1D18382572F36C004EDC6D /* Debug */ = {
			isa = XCBuildConfiguration;
			buildSettings = {
				ALWAYS_EMBED_SWIFT_STANDARD_LIBRARIES = YES;
				CODE_SIGN_STYLE = Automatic;
				DEVELOPMENT_TEAM = JCQ8RQ8D68;
				INFOPLIST_FILE = "Tests iOS/Info.plist";
				IPHONEOS_DEPLOYMENT_TARGET = 14.2;
				LD_RUNPATH_SEARCH_PATHS = (
					"$(inherited)",
					"@executable_path/Frameworks",
					"@loader_path/Frameworks",
				);
				PRODUCT_BUNDLE_IDENTIFIER = "one.macforce.Tests-iOS";
				PRODUCT_NAME = "$(TARGET_NAME)";
				SDKROOT = iphoneos;
				SWIFT_VERSION = 5.0;
				TARGETED_DEVICE_FAMILY = "1,2";
				TEST_TARGET_NAME = "EmojiDictionary (iOS)";
			};
			name = Debug;
		};
		1B1D18392572F36C004EDC6D /* Release */ = {
			isa = XCBuildConfiguration;
			buildSettings = {
				ALWAYS_EMBED_SWIFT_STANDARD_LIBRARIES = YES;
				CODE_SIGN_STYLE = Automatic;
				DEVELOPMENT_TEAM = JCQ8RQ8D68;
				INFOPLIST_FILE = "Tests iOS/Info.plist";
				IPHONEOS_DEPLOYMENT_TARGET = 14.2;
				LD_RUNPATH_SEARCH_PATHS = (
					"$(inherited)",
					"@executable_path/Frameworks",
					"@loader_path/Frameworks",
				);
				PRODUCT_BUNDLE_IDENTIFIER = "one.macforce.Tests-iOS";
				PRODUCT_NAME = "$(TARGET_NAME)";
				SDKROOT = iphoneos;
				SWIFT_VERSION = 5.0;
				TARGETED_DEVICE_FAMILY = "1,2";
				TEST_TARGET_NAME = "EmojiDictionary (iOS)";
				VALIDATE_PRODUCT = YES;
			};
			name = Release;
		};
		1B1D183B2572F36C004EDC6D /* Debug */ = {
			isa = XCBuildConfiguration;
			buildSettings = {
				ALWAYS_EMBED_SWIFT_STANDARD_LIBRARIES = YES;
				CODE_SIGN_STYLE = Automatic;
				COMBINE_HIDPI_IMAGES = YES;
				DEVELOPMENT_TEAM = JCQ8RQ8D68;
				INFOPLIST_FILE = "Tests macOS/Info.plist";
				LD_RUNPATH_SEARCH_PATHS = (
					"$(inherited)",
					"@executable_path/../Frameworks",
					"@loader_path/../Frameworks",
				);
				MACOSX_DEPLOYMENT_TARGET = 11.0;
				PRODUCT_BUNDLE_IDENTIFIER = "one.macforce.Tests-macOS";
				PRODUCT_NAME = "$(TARGET_NAME)";
				SDKROOT = macosx;
				SWIFT_VERSION = 5.0;
				TEST_TARGET_NAME = "EmojiDictionary (macOS)";
			};
			name = Debug;
		};
		1B1D183C2572F36C004EDC6D /* Release */ = {
			isa = XCBuildConfiguration;
			buildSettings = {
				ALWAYS_EMBED_SWIFT_STANDARD_LIBRARIES = YES;
				CODE_SIGN_STYLE = Automatic;
				COMBINE_HIDPI_IMAGES = YES;
				DEVELOPMENT_TEAM = JCQ8RQ8D68;
				INFOPLIST_FILE = "Tests macOS/Info.plist";
				LD_RUNPATH_SEARCH_PATHS = (
					"$(inherited)",
					"@executable_path/../Frameworks",
					"@loader_path/../Frameworks",
				);
				MACOSX_DEPLOYMENT_TARGET = 11.0;
				PRODUCT_BUNDLE_IDENTIFIER = "one.macforce.Tests-macOS";
				PRODUCT_NAME = "$(TARGET_NAME)";
				SDKROOT = macosx;
				SWIFT_VERSION = 5.0;
				TEST_TARGET_NAME = "EmojiDictionary (macOS)";
			};
			name = Release;
		};
/* End XCBuildConfiguration section */

/* Begin XCConfigurationList section */
		1B1D17FE2572F36B004EDC6D /* Build configuration list for PBXProject "EmojiDictionary" */ = {
			isa = XCConfigurationList;
			buildConfigurations = (
				1B1D182F2572F36C004EDC6D /* Debug */,
				1B1D18302572F36C004EDC6D /* Release */,
			);
			defaultConfigurationIsVisible = 0;
			defaultConfigurationName = Release;
		};
		1B1D18312572F36C004EDC6D /* Build configuration list for PBXNativeTarget "EmojiDictionary (iOS)" */ = {
			isa = XCConfigurationList;
			buildConfigurations = (
				1B1D18322572F36C004EDC6D /* Debug */,
				1B1D18332572F36C004EDC6D /* Release */,
			);
			defaultConfigurationIsVisible = 0;
			defaultConfigurationName = Release;
		};
		1B1D18342572F36C004EDC6D /* Build configuration list for PBXNativeTarget "EmojiDictionary (macOS)" */ = {
			isa = XCConfigurationList;
			buildConfigurations = (
				1B1D18352572F36C004EDC6D /* Debug */,
				1B1D18362572F36C004EDC6D /* Release */,
			);
			defaultConfigurationIsVisible = 0;
			defaultConfigurationName = Release;
		};
		1B1D18372572F36C004EDC6D /* Build configuration list for PBXNativeTarget "Tests iOS" */ = {
			isa = XCConfigurationList;
			buildConfigurations = (
				1B1D18382572F36C004EDC6D /* Debug */,
				1B1D18392572F36C004EDC6D /* Release */,
			);
			defaultConfigurationIsVisible = 0;
			defaultConfigurationName = Release;
		};
		1B1D183A2572F36C004EDC6D /* Build configuration list for PBXNativeTarget "Tests macOS" */ = {
			isa = XCConfigurationList;
			buildConfigurations = (
				1B1D183B2572F36C004EDC6D /* Debug */,
				1B1D183C2572F36C004EDC6D /* Release */,
			);
			defaultConfigurationIsVisible = 0;
			defaultConfigurationName = Release;
		};
/* End XCConfigurationList section */
	};
	rootObject = 1B1D17FB2572F36B004EDC6D /* Project object */;
}
